
Microsoft Visual Studio Solution File, Format Version 12.00
# Visual Studio Version 17
Project("{8BC9CEB8-8B4A-11D0-8D11-00A0C91BC942}") = "ALL_BUILD", "ALL_BUILD.vcxproj", "{C301C967-C358-324A-A4D9-B1574E1DD863}"
	ProjectSection(ProjectDependencies) = postProject
		{0915496B-8989-3901-971A-963754173E0F} = {0915496B-8989-3901-971A-963754173E0F}
		{A02086B8-5EA7-3255-9A50-B0545ED4EA38} = {A02086B8-5EA7-3255-9A50-B0545ED4EA38}
		{28C68632-2402-3743-A94E-49A675B759AD} = {28C68632-2402-3743-A94E-49A675B759AD}
		{E0425213-C05D-35BB-A44E-C1A5CD49F5B2} = {E0425213-C05D-35BB-A44E-C1A5CD49F5B2}
		{12FB1DB9-DE40-34AB-8CBA-0884BB37B516} = {12FB1DB9-DE40-34AB-8CBA-0884BB37B516}
	EndProjectSection
EndProject
Project("{8BC9CEB8-8B4A-11D0-8D11-00A0C91BC942}") = "INSTALL", "INSTALL.vcxproj", "{D4C792E7-4AE1-307D-BA9C-3DBC7C9E951F}"
	ProjectSection(ProjectDependencies) = postProject
		{C301C967-C358-324A-A4D9-B1574E1DD863} = {C301C967-C358-324A-A4D9-B1574E1DD863}
		{0915496B-8989-3901-971A-963754173E0F} = {0915496B-8989-3901-971A-963754173E0F}
	EndProjectSection
EndProject
Project("{8BC9CEB8-8B4A-11D0-8D11-00A0C91BC942}") = "ZERO_CHECK", "ZERO_CHECK.vcxproj", "{0915496B-8989-3901-971A-963754173E0F}"
	ProjectSection(ProjectDependencies) = postProject
	EndProjectSection
EndProject
Project("{8BC9CEB8-8B4A-11D0-8D11-00A0C91BC942}") = "all_tests", "tests\all_tests.vcxproj", "{A02086B8-5EA7-3255-9A50-B0545ED4EA38}"
	ProjectSection(ProjectDependencies) = postProject
		{0915496B-8989-3901-971A-963754173E0F} = {0915496B-8989-3901-971A-963754173E0F}
		{28C68632-2402-3743-A94E-49A675B759AD} = {28C68632-2402-3743-A94E-49A675B759AD}
		{E0425213-C05D-35BB-A44E-C1A5CD49F5B2} = {E0425213-C05D-35BB-A44E-C1A5CD49F5B2}
		{12FB1DB9-DE40-34AB-8CBA-0884BB37B516} = {12FB1DB9-DE40-34AB-8CBA-0884BB37B516}
	EndProjectSection
EndProject
Project("{8BC9CEB8-8B4A-11D0-8D11-00A0C91BC942}") = "check", "tests\check.vcxproj", "{568C3797-733C-3CC2-909B-450B24962D6F}"
	ProjectSection(ProjectDependencies) = postProject
		{0915496B-8989-3901-971A-963754173E0F} = {0915496B-8989-3901-971A-963754173E0F}
		{A02086B8-5EA7-3255-9A50-B0545ED4EA38} = {A02086B8-5EA7-3255-9A50-B0545ED4EA38}
	EndProjectSection
EndProject
Project("{8BC9CEB8-8B4A-11D0-8D11-00A0C91BC942}") = "chromaprint", "src\chromaprint.vcxproj", "{28C68632-2402-3743-A94E-49A675B759AD}"
	ProjectSection(ProjectDependencies) = postProject
		{0915496B-8989-3901-971A-963754173E0F} = {0915496B-8989-3901-971A-963754173E0F}
		{E0425213-C05D-35BB-A44E-C1A5CD49F5B2} = {E0425213-C05D-35BB-A44E-C1A5CD49F5B2}
	EndProjectSection
EndProject
Project("{8BC9CEB8-8B4A-11D0-8D11-00A0C91BC942}") = "chromaprint_objs", "src\chromaprint_objs.vcxproj", "{E0425213-C05D-35BB-A44E-C1A5CD49F5B2}"
	ProjectSection(ProjectDependencies) = postProject
		{0915496B-8989-3901-971A-963754173E0F} = {0915496B-8989-3901-971A-963754173E0F}
	EndProjectSection
EndProject
Project("{8BC9CEB8-8B4A-11D0-8D11-00A0C91BC942}") = "docs", "docs.vcxproj", "{0A801B25-1254-3682-9EB9-817AF9190064}"
	ProjectSection(ProjectDependencies) = postProject
		{0915496B-8989-3901-971A-963754173E0F} = {0915496B-8989-3901-971A-963754173E0F}
	EndProjectSection
EndProject
Project("{8BC9CEB8-8B4A-11D0-8D11-00A0C91BC942}") = "gtest", "tests\gtest.vcxproj", "{12FB1DB9-DE40-34AB-8CBA-0884BB37B516}"
	ProjectSection(ProjectDependencies) = postProject
		{0915496B-8989-3901-971A-963754173E0F} = {0915496B-8989-3901-971A-963754173E0F}
	EndProjectSection
EndProject
Project("{8BC9CEB8-8B4A-11D0-8D11-00A0C91BC942}") = "uninstall", "uninstall.vcxproj", "{DD6B21F9-4DFD-34CD-9DA1-1D43165DAC77}"
	ProjectSection(ProjectDependencies) = postProject
		{0915496B-8989-3901-971A-963754173E0F} = {0915496B-8989-3901-971A-963754173E0F}
	EndProjectSection
EndProject
Global
	GlobalSection(SolutionConfigurationPlatforms) = preSolution
		Debug|x64 = Debug|x64
		Release|x64 = Release|x64
		MinSizeRel|x64 = MinSizeRel|x64
		RelWithDebInfo|x64 = RelWithDebInfo|x64
	EndGlobalSection
	GlobalSection(ProjectConfigurationPlatforms) = postSolution
		{C301C967-C358-324A-A4D9-B1574E1DD863}.Debug|x64.ActiveCfg = Debug|x64
		{C301C967-C358-324A-A4D9-B1574E1DD863}.Debug|x64.Build.0 = Debug|x64
		{C301C967-C358-324A-A4D9-B1574E1DD863}.Release|x64.ActiveCfg = Release|x64
		{C301C967-C358-324A-A4D9-B1574E1DD863}.Release|x64.Build.0 = Release|x64
		{C301C967-C358-324A-A4D9-B1574E1DD863}.MinSizeRel|x64.ActiveCfg = MinSizeRel|x64
		{C301C967-C358-324A-A4D9-B1574E1DD863}.MinSizeRel|x64.Build.0 = MinSizeRel|x64
		{C301C967-C358-324A-A4D9-B1574E1DD863}.RelWithDebInfo|x64.ActiveCfg = RelWithDebInfo|x64
		{C301C967-C358-324A-A4D9-B1574E1DD863}.RelWithDebInfo|x64.Build.0 = RelWithDebInfo|x64
		{D4C792E7-4AE1-307D-BA9C-3DBC7C9E951F}.Debug|x64.ActiveCfg = Debug|x64
		{D4C792E7-4AE1-307D-BA9C-3DBC7C9E951F}.Release|x64.ActiveCfg = Release|x64
		{D4C792E7-4AE1-307D-BA9C-3DBC7C9E951F}.MinSizeRel|x64.ActiveCfg = MinSizeRel|x64
		{D4C792E7-4AE1-307D-BA9C-3DBC7C9E951F}.RelWithDebInfo|x64.ActiveCfg = RelWithDebInfo|x64
		{0915496B-8989-3901-971A-963754173E0F}.Debug|x64.ActiveCfg = Debug|x64
		{0915496B-8989-3901-971A-963754173E0F}.Debug|x64.Build.0 = Debug|x64
		{0915496B-8989-3901-971A-963754173E0F}.Release|x64.ActiveCfg = Release|x64
		{0915496B-8989-3901-971A-963754173E0F}.Release|x64.Build.0 = Release|x64
		{0915496B-8989-3901-971A-963754173E0F}.MinSizeRel|x64.ActiveCfg = MinSizeRel|x64
		{0915496B-8989-3901-971A-963754173E0F}.MinSizeRel|x64.Build.0 = MinSizeRel|x64
		{0915496B-8989-3901-971A-963754173E0F}.RelWithDebInfo|x64.ActiveCfg = RelWithDebInfo|x64
		{0915496B-8989-3901-971A-963754173E0F}.RelWithDebInfo|x64.Build.0 = RelWithDebInfo|x64
		{A02086B8-5EA7-3255-9A50-B0545ED4EA38}.Debug|x64.ActiveCfg = Debug|x64
		{A02086B8-5EA7-3255-9A50-B0545ED4EA38}.Debug|x64.Build.0 = Debug|x64
		{A02086B8-5EA7-3255-9A50-B0545ED4EA38}.Release|x64.ActiveCfg = Release|x64
		{A02086B8-5EA7-3255-9A50-B0545ED4EA38}.Release|x64.Build.0 = Release|x64
		{A02086B8-5EA7-3255-9A50-B0545ED4EA38}.MinSizeRel|x64.ActiveCfg = MinSizeRel|x64
		{A02086B8-5EA7-3255-9A50-B0545ED4EA38}.MinSizeRel|x64.Build.0 = MinSizeRel|x64
		{A02086B8-5EA7-3255-9A50-B0545ED4EA38}.RelWithDebInfo|x64.ActiveCfg = RelWithDebInfo|x64
		{A02086B8-5EA7-3255-9A50-B0545ED4EA38}.RelWithDebInfo|x64.Build.0 = RelWithDebInfo|x64
		{568C3797-733C-3CC2-909B-450B24962D6F}.Debug|x64.ActiveCfg = Debug|x64
		{568C3797-733C-3CC2-909B-450B24962D6F}.Release|x64.ActiveCfg = Release|x64
		{568C3797-733C-3CC2-909B-450B24962D6F}.MinSizeRel|x64.ActiveCfg = MinSizeRel|x64
		{568C3797-733C-3CC2-909B-450B24962D6F}.RelWithDebInfo|x64.ActiveCfg = RelWithDebInfo|x64
		{28C68632-2402-3743-A94E-49A675B759AD}.Debug|x64.ActiveCfg = Debug|x64
		{28C68632-2402-3743-A94E-49A675B759AD}.Debug|x64.Build.0 = Debug|x64
		{28C68632-2402-3743-A94E-49A675B759AD}.Release|x64.ActiveCfg = Release|x64
		{28C68632-2402-3743-A94E-49A675B759AD}.Release|x64.Build.0 = Release|x64
		{28C68632-2402-3743-A94E-49A675B759AD}.MinSizeRel|x64.ActiveCfg = MinSizeRel|x64
		{28C68632-2402-3743-A94E-49A675B759AD}.MinSizeRel|x64.Build.0 = MinSizeRel|x64
		{28C68632-2402-3743-A94E-49A675B759AD}.RelWithDebInfo|x64.ActiveCfg = RelWithDebInfo|x64
		{28C68632-2402-3743-A94E-49A675B759AD}.RelWithDebInfo|x64.Build.0 = RelWithDebInfo|x64
		{E0425213-C05D-35BB-A44E-C1A5CD49F5B2}.Debug|x64.ActiveCfg = Debug|x64
		{E0425213-C05D-35BB-A44E-C1A5CD49F5B2}.Debug|x64.Build.0 = Debug|x64
		{E0425213-C05D-35BB-A44E-C1A5CD49F5B2}.Release|x64.ActiveCfg = Release|x64
		{E0425213-C05D-35BB-A44E-C1A5CD49F5B2}.Release|x64.Build.0 = Release|x64
		{E0425213-C05D-35BB-A44E-C1A5CD49F5B2}.MinSizeRel|x64.ActiveCfg = MinSizeRel|x64
		{E0425213-C05D-35BB-A44E-C1A5CD49F5B2}.MinSizeRel|x64.Build.0 = MinSizeRel|x64
		{E0425213-C05D-35BB-A44E-C1A5CD49F5B2}.RelWithDebInfo|x64.ActiveCfg = RelWithDebInfo|x64
		{E0425213-C05D-35BB-A44E-C1A5CD49F5B2}.RelWithDebInfo|x64.Build.0 = RelWithDebInfo|x64
		{0A801B25-1254-3682-9EB9-817AF9190064}.Debug|x64.ActiveCfg = Debug|x64
		{0A801B25-1254-3682-9EB9-817AF9190064}.Release|x64.ActiveCfg = Release|x64
		{0A801B25-1254-3682-9EB9-817AF9190064}.MinSizeRel|x64.ActiveCfg = MinSizeRel|x64
		{0A801B25-1254-3682-9EB9-817AF9190064}.RelWithDebInfo|x64.ActiveCfg = RelWithDebInfo|x64
		{12FB1DB9-DE40-34AB-8CBA-0884BB37B516}.Debug|x64.ActiveCfg = Debug|x64
		{12FB1DB9-DE40-34AB-8CBA-0884BB37B516}.Debug|x64.Build.0 = Debug|x64
		{12FB1DB9-DE40-34AB-8CBA-0884BB37B516}.Release|x64.ActiveCfg = Release|x64
		{12FB1DB9-DE40-34AB-8CBA-0884BB37B516}.Release|x64.Build.0 = Release|x64
		{12FB1DB9-DE40-34AB-8CBA-0884BB37B516}.MinSizeRel|x64.ActiveCfg = MinSizeRel|x64
		{12FB1DB9-DE40-34AB-8CBA-0884BB37B516}.MinSizeRel|x64.Build.0 = MinSizeRel|x64
		{12FB1DB9-DE40-34AB-8CBA-0884BB37B516}.RelWithDebInfo|x64.ActiveCfg = RelWithDebInfo|x64
		{12FB1DB9-DE40-34AB-8CBA-0884BB37B516}.RelWithDebInfo|x64.Build.0 = RelWithDebInfo|x64
		{DD6B21F9-4DFD-34CD-9DA1-1D43165DAC77}.Debug|x64.ActiveCfg = Debug|x64
		{DD6B21F9-4DFD-34CD-9DA1-1D43165DAC77}.Release|x64.ActiveCfg = Release|x64
		{DD6B21F9-4DFD-34CD-9DA1-1D43165DAC77}.MinSizeRel|x64.ActiveCfg = MinSizeRel|x64
		{DD6B21F9-4DFD-34CD-9DA1-1D43165DAC77}.RelWithDebInfo|x64.ActiveCfg = RelWithDebInfo|x64
	EndGlobalSection
	GlobalSection(ExtensibilityGlobals) = postSolution
		SolutionGuid = {146B16C5-E742-3616-84CF-33E2E57D091F}
	EndGlobalSection
	GlobalSection(ExtensibilityAddIns) = postSolution
	EndGlobalSection
EndGlobal
