<?xml version="1.0" encoding="utf-8"?>
<Project
	ToolsVersion="17.0"
	xmlns="http://schemas.microsoft.com/developer/msbuild/2003">

	<ItemGroup>
		<ClCompile Include="fpcalc.cpp">
			<Filter>Source Files</Filter>
		</ClCompile>
	</ItemGroup>

	<ItemGroup>
		<CustomBuild Include="CMakeLists.txt" />
	</ItemGroup>

	<ItemGroup>
		<Filter Include="Source Files">
			<UniqueIdentifier>{6AFD411F-3FCA-321A-ABE4-FDE220257DCC}</UniqueIdentifier>
		</Filter>
	</ItemGroup>

</Project>
