<?xml version="1.0" encoding="utf-8"?>
<Project
	ToolsVersion="17.0"
	xmlns="http://schemas.microsoft.com/developer/msbuild/2003">

	<ItemGroup>
		<ClCompile Include="main.cpp">
			<Filter>Source Files</Filter>
		</ClCompile>
		<ClCompile Include="test_api.cpp">
			<Filter>Source Files</Filter>
		</ClCompile>
		<ClCompile Include="test_utils.cpp">
			<Filter>Source Files</Filter>
		</ClCompile>
		<ClCompile Include="test_quantizer.cpp">
			<Filter>Source Files</Filter>
		</ClCompile>
		<ClCompile Include="test_filter.cpp">
			<Filter>Source Files</Filter>
		</ClCompile>
		<ClCompile Include="test_filter_utils.cpp">
			<Filter>Source Files</Filter>
		</ClCompile>
		<ClCompile Include="test_audio_processor.cpp">
			<Filter>Source Files</Filter>
		</ClCompile>
		<ClCompile Include="test_simhash.cpp">
			<Filter>Source Files</Filter>
		</ClCompile>
		<ClCompile Include="test_chromaprint.cpp">
			<Filter>Source Files</Filter>
		</ClCompile>
		<ClCompile Include="test_chroma.cpp">
			<Filter>Source Files</Filter>
		</ClCompile>
		<ClCompile Include="test_chroma_filter.cpp">
			<Filter>Source Files</Filter>
		</ClCompile>
		<ClCompile Include="test_chroma_resampler.cpp">
			<Filter>Source Files</Filter>
		</ClCompile>
		<ClCompile Include="test_fingerprint_compressor.cpp">
			<Filter>Source Files</Filter>
		</ClCompile>
		<ClCompile Include="test_fingerprint_decompressor.cpp">
			<Filter>Source Files</Filter>
		</ClCompile>
		<ClCompile Include="test_fingerprint_matcher.cpp">
			<Filter>Source Files</Filter>
		</ClCompile>
		<ClCompile Include="test_silence_remover.cpp">
			<Filter>Source Files</Filter>
		</ClCompile>
		<ClCompile Include="test_moving_average.cpp">
			<Filter>Source Files</Filter>
		</ClCompile>
		<ClCompile Include="test_utils_gradient.cpp">
			<Filter>Source Files</Filter>
		</ClCompile>
		<ClCompile Include="test_utils_gaussian_filter.cpp">
			<Filter>Source Files</Filter>
		</ClCompile>
		<ClCompile Include="..\src\fft_test.cpp">
			<Filter>Source Files</Filter>
		</ClCompile>
		<ClCompile Include="..\src\audio\audio_slicer_test.cpp">
			<Filter>Source Files</Filter>
		</ClCompile>
		<ClCompile Include="..\src\utils\base64_test.cpp">
			<Filter>Source Files</Filter>
		</ClCompile>
		<ClCompile Include="..\src\utils\rolling_integral_image_test.cpp">
			<Filter>Source Files</Filter>
		</ClCompile>
	</ItemGroup>

	<ItemGroup>
		<CustomBuild Include="CMakeLists.txt" />
	</ItemGroup>

	<ItemGroup>
		<Object Include="..\src\chromaprint_objs.dir\$(Configuration)\resample2.obj">
			<Filter>Object Libraries</Filter>
		</Object>
		<Object Include="..\src\chromaprint_objs.dir\$(Configuration)\fft_lib_kissfft.obj">
			<Filter>Object Libraries</Filter>
		</Object>
		<Object Include="..\src\chromaprint_objs.dir\$(Configuration)\audio_processor.obj">
			<Filter>Object Libraries</Filter>
		</Object>
		<Object Include="..\src\chromaprint_objs.dir\$(Configuration)\chroma.obj">
			<Filter>Object Libraries</Filter>
		</Object>
		<Object Include="..\src\chromaprint_objs.dir\$(Configuration)\chroma_resampler.obj">
			<Filter>Object Libraries</Filter>
		</Object>
		<Object Include="..\src\chromaprint_objs.dir\$(Configuration)\chroma_filter.obj">
			<Filter>Object Libraries</Filter>
		</Object>
		<Object Include="..\src\chromaprint_objs.dir\$(Configuration)\spectrum.obj">
			<Filter>Object Libraries</Filter>
		</Object>
		<Object Include="..\src\chromaprint_objs.dir\$(Configuration)\fft.obj">
			<Filter>Object Libraries</Filter>
		</Object>
		<Object Include="..\src\chromaprint_objs.dir\$(Configuration)\fingerprinter.obj">
			<Filter>Object Libraries</Filter>
		</Object>
		<Object Include="..\src\chromaprint_objs.dir\$(Configuration)\image_builder.obj">
			<Filter>Object Libraries</Filter>
		</Object>
		<Object Include="..\src\chromaprint_objs.dir\$(Configuration)\simhash.obj">
			<Filter>Object Libraries</Filter>
		</Object>
		<Object Include="..\src\chromaprint_objs.dir\$(Configuration)\silence_remover.obj">
			<Filter>Object Libraries</Filter>
		</Object>
		<Object Include="..\src\chromaprint_objs.dir\$(Configuration)\fingerprint_calculator.obj">
			<Filter>Object Libraries</Filter>
		</Object>
		<Object Include="..\src\chromaprint_objs.dir\$(Configuration)\fingerprint_compressor.obj">
			<Filter>Object Libraries</Filter>
		</Object>
		<Object Include="..\src\chromaprint_objs.dir\$(Configuration)\fingerprint_decompressor.obj">
			<Filter>Object Libraries</Filter>
		</Object>
		<Object Include="..\src\chromaprint_objs.dir\$(Configuration)\fingerprinter_configuration.obj">
			<Filter>Object Libraries</Filter>
		</Object>
		<Object Include="..\src\chromaprint_objs.dir\$(Configuration)\fingerprint_matcher.obj">
			<Filter>Object Libraries</Filter>
		</Object>
		<Object Include="..\src\chromaprint_objs.dir\$(Configuration)\base64.obj">
			<Filter>Object Libraries</Filter>
		</Object>
		<Object Include="..\src\chromaprint_objs.dir\$(Configuration)\kiss_fft.obj">
			<Filter>Object Libraries</Filter>
		</Object>
		<Object Include="..\src\chromaprint_objs.dir\$(Configuration)\kiss_fftr.obj">
			<Filter>Object Libraries</Filter>
		</Object>
	</ItemGroup>

	<ItemGroup>
		<Filter Include="Object Libraries">
			<UniqueIdentifier>{5AC7BAB2-9204-3AED-83BD-FF98B89AA21D}</UniqueIdentifier>
		</Filter>
		<Filter Include="Source Files">
			<UniqueIdentifier>{67F58617-8FA9-3A73-91C5-455C603D5CCA}</UniqueIdentifier>
		</Filter>
	</ItemGroup>

</Project>
