<?xml version="1.0" encoding="utf-8"?>
<Project ToolsVersion="17.0" xmlns="http://schemas.microsoft.com/developer/msbuild/2003">
  <ItemGroup>
    <ClCompile Include="C:\Users\JamesMc\Data\Clients\DigitalZenWorks\MusicMan2\SourceCode\ChromaPrint\src\3rdparty\googletest\googletest\src\gtest-all.cc">
      <Filter>Source Files</Filter>
    </ClCompile>
  </ItemGroup>
  <ItemGroup>
    <CustomBuild Include="C:\Users\JamesMc\Data\Clients\DigitalZenWorks\MusicMan2\SourceCode\ChromaPrint\tests\CMakeLists.txt" />
  </ItemGroup>
  <ItemGroup>
    <Filter Include="Source Files">
      <UniqueIdentifier>{67F58617-8FA9-3A73-91C5-455C603D5CCA}</UniqueIdentifier>
    </Filter>
  </ItemGroup>
</Project>
