<?xml version="1.0" encoding="utf-8"?>
<Project ToolsVersion="17.0" xmlns="http://schemas.microsoft.com/developer/msbuild/2003">
  <ItemGroup>
    <ClCompile Include="C:\Users\JamesMc\Data\Clients\DigitalZenWorks\MusicMan2\SourceCode\ChromaPrint\src\avresample\resample2.c">
      <Filter>Source Files</Filter>
    </ClCompile>
    <ClCompile Include="C:\Users\JamesMc\Data\Clients\DigitalZenWorks\MusicMan2\SourceCode\ChromaPrint\src\fft_lib_kissfft.cpp">
      <Filter>Source Files</Filter>
    </ClCompile>
    <ClCompile Include="C:\Users\JamesMc\Data\Clients\DigitalZenWorks\MusicMan2\SourceCode\ChromaPrint\src\audio_processor.cpp">
      <Filter>Source Files</Filter>
    </ClCompile>
    <ClCompile Include="C:\Users\JamesMc\Data\Clients\DigitalZenWorks\MusicMan2\SourceCode\ChromaPrint\src\chroma.cpp">
      <Filter>Source Files</Filter>
    </ClCompile>
    <ClCompile Include="C:\Users\JamesMc\Data\Clients\DigitalZenWorks\MusicMan2\SourceCode\ChromaPrint\src\chroma_resampler.cpp">
      <Filter>Source Files</Filter>
    </ClCompile>
    <ClCompile Include="C:\Users\JamesMc\Data\Clients\DigitalZenWorks\MusicMan2\SourceCode\ChromaPrint\src\chroma_filter.cpp">
      <Filter>Source Files</Filter>
    </ClCompile>
    <ClCompile Include="C:\Users\JamesMc\Data\Clients\DigitalZenWorks\MusicMan2\SourceCode\ChromaPrint\src\spectrum.cpp">
      <Filter>Source Files</Filter>
    </ClCompile>
    <ClCompile Include="C:\Users\JamesMc\Data\Clients\DigitalZenWorks\MusicMan2\SourceCode\ChromaPrint\src\fft.cpp">
      <Filter>Source Files</Filter>
    </ClCompile>
    <ClCompile Include="C:\Users\JamesMc\Data\Clients\DigitalZenWorks\MusicMan2\SourceCode\ChromaPrint\src\fingerprinter.cpp">
      <Filter>Source Files</Filter>
    </ClCompile>
    <ClCompile Include="C:\Users\JamesMc\Data\Clients\DigitalZenWorks\MusicMan2\SourceCode\ChromaPrint\src\image_builder.cpp">
      <Filter>Source Files</Filter>
    </ClCompile>
    <ClCompile Include="C:\Users\JamesMc\Data\Clients\DigitalZenWorks\MusicMan2\SourceCode\ChromaPrint\src\simhash.cpp">
      <Filter>Source Files</Filter>
    </ClCompile>
    <ClCompile Include="C:\Users\JamesMc\Data\Clients\DigitalZenWorks\MusicMan2\SourceCode\ChromaPrint\src\silence_remover.cpp">
      <Filter>Source Files</Filter>
    </ClCompile>
    <ClCompile Include="C:\Users\JamesMc\Data\Clients\DigitalZenWorks\MusicMan2\SourceCode\ChromaPrint\src\fingerprint_calculator.cpp">
      <Filter>Source Files</Filter>
    </ClCompile>
    <ClCompile Include="C:\Users\JamesMc\Data\Clients\DigitalZenWorks\MusicMan2\SourceCode\ChromaPrint\src\fingerprint_compressor.cpp">
      <Filter>Source Files</Filter>
    </ClCompile>
    <ClCompile Include="C:\Users\JamesMc\Data\Clients\DigitalZenWorks\MusicMan2\SourceCode\ChromaPrint\src\fingerprint_decompressor.cpp">
      <Filter>Source Files</Filter>
    </ClCompile>
    <ClCompile Include="C:\Users\JamesMc\Data\Clients\DigitalZenWorks\MusicMan2\SourceCode\ChromaPrint\src\fingerprinter_configuration.cpp">
      <Filter>Source Files</Filter>
    </ClCompile>
    <ClCompile Include="C:\Users\JamesMc\Data\Clients\DigitalZenWorks\MusicMan2\SourceCode\ChromaPrint\src\fingerprint_matcher.cpp">
      <Filter>Source Files</Filter>
    </ClCompile>
    <ClCompile Include="C:\Users\JamesMc\Data\Clients\DigitalZenWorks\MusicMan2\SourceCode\ChromaPrint\src\utils\base64.cpp">
      <Filter>Source Files</Filter>
    </ClCompile>
    <ClCompile Include="C:\Users\JamesMc\Data\Clients\DigitalZenWorks\MusicMan2\SourceCode\ChromaPrint\src\3rdparty\kissfft\kiss_fft.c">
      <Filter>Source Files</Filter>
    </ClCompile>
    <ClCompile Include="C:\Users\JamesMc\Data\Clients\DigitalZenWorks\MusicMan2\SourceCode\ChromaPrint\src\3rdparty\kissfft\tools\kiss_fftr.c">
      <Filter>Source Files</Filter>
    </ClCompile>
  </ItemGroup>
  <ItemGroup>
    <ClInclude Include="C:\Users\JamesMc\Data\Clients\DigitalZenWorks\MusicMan2\SourceCode\ChromaPrint\src\simhash.h">
      <Filter>Header Files</Filter>
    </ClInclude>
    <ClInclude Include="C:\Users\JamesMc\Data\Clients\DigitalZenWorks\MusicMan2\SourceCode\ChromaPrint\src\fingerprint_matcher.h">
      <Filter>Header Files</Filter>
    </ClInclude>
    <ClInclude Include="C:\Users\JamesMc\Data\Clients\DigitalZenWorks\MusicMan2\SourceCode\ChromaPrint\src\utils\base64.h">
      <Filter>Header Files</Filter>
    </ClInclude>
    <ClInclude Include="C:\Users\JamesMc\Data\Clients\DigitalZenWorks\MusicMan2\SourceCode\ChromaPrint\src\utils\gradient.h">
      <Filter>Header Files</Filter>
    </ClInclude>
    <ClInclude Include="C:\Users\JamesMc\Data\Clients\DigitalZenWorks\MusicMan2\SourceCode\ChromaPrint\src\utils\gaussian_filter.h">
      <Filter>Header Files</Filter>
    </ClInclude>
    <ClInclude Include="C:\Users\JamesMc\Data\Clients\DigitalZenWorks\MusicMan2\SourceCode\ChromaPrint\src\utils\scope_exit.h">
      <Filter>Header Files</Filter>
    </ClInclude>
    <ClInclude Include="C:\Users\JamesMc\Data\Clients\DigitalZenWorks\MusicMan2\SourceCode\ChromaPrint\src\utils\rolling_integral_image.h">
      <Filter>Header Files</Filter>
    </ClInclude>
    <ClInclude Include="C:\Users\JamesMc\Data\Clients\DigitalZenWorks\MusicMan2\SourceCode\ChromaPrint\src\audio\audio_slicer.h">
      <Filter>Header Files</Filter>
    </ClInclude>
  </ItemGroup>
  <ItemGroup>
    <CustomBuild Include="C:\Users\JamesMc\Data\Clients\DigitalZenWorks\MusicMan2\SourceCode\ChromaPrint\src\CMakeLists.txt" />
  </ItemGroup>
  <ItemGroup>
    <Filter Include="Header Files">
      <UniqueIdentifier>{A966A93E-A578-306A-AAC3-30C565D2E69E}</UniqueIdentifier>
    </Filter>
    <Filter Include="Source Files">
      <UniqueIdentifier>{67F58617-8FA9-3A73-91C5-455C603D5CCA}</UniqueIdentifier>
    </Filter>
  </ItemGroup>
</Project>
