<?xml version="1.0" encoding="utf-8"?>
<Project ToolsVersion="17.0" xmlns="http://schemas.microsoft.com/developer/msbuild/2003">
  <ItemGroup>
    <ClCompile Include="avresample\resample2.c">
      <Filter>Source Files</Filter>
    </ClCompile>
    <ClCompile Include="fft_lib_kissfft.cpp">
      <Filter>Source Files</Filter>
    </ClCompile>
    <ClCompile Include="audio_processor.cpp">
      <Filter>Source Files</Filter>
    </ClCompile>
    <ClCompile Include="chroma.cpp">
      <Filter>Source Files</Filter>
    </ClCompile>
    <ClCompile Include="chroma_resampler.cpp">
      <Filter>Source Files</Filter>
    </ClCompile>
    <ClCompile Include="chroma_filter.cpp">
      <Filter>Source Files</Filter>
    </ClCompile>
    <ClCompile Include="spectrum.cpp">
      <Filter>Source Files</Filter>
    </ClCompile>
    <ClCompile Include="fft.cpp">
      <Filter>Source Files</Filter>
    </ClCompile>
    <ClCompile Include="fingerprinter.cpp">
      <Filter>Source Files</Filter>
    </ClCompile>
    <ClCompile Include="image_builder.cpp">
      <Filter>Source Files</Filter>
    </ClCompile>
    <ClCompile Include="simhash.cpp">
      <Filter>Source Files</Filter>
    </ClCompile>
    <ClCompile Include="silence_remover.cpp">
      <Filter>Source Files</Filter>
    </ClCompile>
    <ClCompile Include="fingerprint_calculator.cpp">
      <Filter>Source Files</Filter>
    </ClCompile>
    <ClCompile Include="fingerprint_compressor.cpp">
      <Filter>Source Files</Filter>
    </ClCompile>
    <ClCompile Include="fingerprint_decompressor.cpp">
      <Filter>Source Files</Filter>
    </ClCompile>
    <ClCompile Include="fingerprinter_configuration.cpp">
      <Filter>Source Files</Filter>
    </ClCompile>
    <ClCompile Include="fingerprint_matcher.cpp">
      <Filter>Source Files</Filter>
    </ClCompile>
    <ClCompile Include="utils\base64.cpp">
      <Filter>Source Files</Filter>
    </ClCompile>
    <ClCompile Include="3rdparty\kissfft\kiss_fft.c">
      <Filter>Source Files</Filter>
    </ClCompile>
    <ClCompile Include="3rdparty\kissfft\tools\kiss_fftr.c">
      <Filter>Source Files</Filter>
    </ClCompile>
  </ItemGroup>
  <ItemGroup>
    <ClInclude Include="simhash.h">
      <Filter>Header Files</Filter>
    </ClInclude>
    <ClInclude Include="fingerprint_matcher.h">
      <Filter>Header Files</Filter>
    </ClInclude>
    <ClInclude Include="utils\base64.h">
      <Filter>Header Files</Filter>
    </ClInclude>
    <ClInclude Include="utils\gradient.h">
      <Filter>Header Files</Filter>
    </ClInclude>
    <ClInclude Include="utils\gaussian_filter.h">
      <Filter>Header Files</Filter>
    </ClInclude>
    <ClInclude Include="utils\scope_exit.h">
      <Filter>Header Files</Filter>
    </ClInclude>
    <ClInclude Include="utils\rolling_integral_image.h">
      <Filter>Header Files</Filter>
    </ClInclude>
    <ClInclude Include="audio\audio_slicer.h">
      <Filter>Header Files</Filter>
    </ClInclude>
  </ItemGroup>
  <ItemGroup>
    <CustomBuild Include="CMakeLists.txt" />
  </ItemGroup>
  <ItemGroup>
    <Filter Include="Header Files">
      <UniqueIdentifier>{A966A93E-A578-306A-AAC3-30C565D2E69E}</UniqueIdentifier>
    </Filter>
    <Filter Include="Source Files">
      <UniqueIdentifier>{67F58617-8FA9-3A73-91C5-455C603D5CCA}</UniqueIdentifier>
    </Filter>
  </ItemGroup>
</Project>
